
Microsoft Visual Studio Solution File, Format Version 12.00
# Visual Studio 15
VisualStudioVersion = 15.0.27703.2000
MinimumVisualStudioVersion = 10.0.40219.1
Project("{2150E333-8FDC-42A3-9474-1A3956D46DE8}") = "Presentation", "Presentation", "{2CA308F1-5F38-497C-9C08-4473C2933DC5}"
EndProject
Project("{9A19103F-16F7-4668-BE54-9A1E7A4F7556}") = "AlexandreApps.Condominial.Backend.UI", "Presentation\AlexandreApps.Condominial.Backend.UI\AlexandreApps.Condominial.Backend.UI.csproj", "{FDC6B5F3-3DEA-450A-973C-0643CB7EB776}"
EndProject
Project("{2150E333-8FDC-42A3-9474-1A3956D46DE8}") = "Model", "Model", "{9E110EDF-3F27-42B8-B439-77D5CDD1E6C4}"
EndProject
Project("{9A19103F-16F7-4668-BE54-9A1E7A4F7556}") = "AlexandreApps.Condominial.Backend.Model", "Model\AlexandreApps.Condominial.Backend.Model\AlexandreApps.Condominial.Backend.Model.csproj", "{601F81A2-1DA0-411E-8895-1A487951791A}"
EndProject
Project("{2150E333-8FDC-42A3-9474-1A3956D46DE8}") = "AppService", "AppService", "{0A852FEE-0AD7-4E75-8A14-C22A9D47C317}"
EndProject
Project("{2150E333-8FDC-42A3-9474-1A3956D46DE8}") = "DataService", "DataService", "{E9436E91-1DFA-4C3F-8A57-7C03ABC44AC6}"
EndProject
Project("{2150E333-8FDC-42A3-9474-1A3956D46DE8}") = "Infra", "Infra", "{5F473268-FA4F-4550-81B7-92B5C71C94B0}"
EndProject
Project("{9A19103F-16F7-4668-BE54-9A1E7A4F7556}") = "AlexandreApps.Condominial.Backend.Dataservice", "Dataservice\AlexandreApps.Condominial.Backend.Dataservice\AlexandreApps.Condominial.Backend.Dataservice.csproj", "{56AE7626-47DE-49F1-B312-F0045396FF3E}"
EndProject
Project("{9A19103F-16F7-4668-BE54-9A1E7A4F7556}") = "AlexandreApps.Condominial.Backend.Appservice", "AppService\AlexandreApps.Condominial.Backend.Appservice\AlexandreApps.Condominial.Backend.Appservice.csproj", "{A5F4C8AE-DD46-4F64-973B-9384D5B483B1}"
EndProject
Project("{9A19103F-16F7-4668-BE54-9A1E7A4F7556}") = "AlexandreApps.Condominial.Backend.UI.tests", "Presentation\AlexandreApps.Condominial.Backend.UI.tests\AlexandreApps.Condominial.Backend.UI.tests.csproj", "{F6DF533B-FEF8-494C-8642-C267D3D060B5}"
EndProject
Project("{9A19103F-16F7-4668-BE54-9A1E7A4F7556}") = "AlexandreApps.Condominial.Backend.Exceptions", "Infra\AlexandreApps.Condominial.Backend.Exceptions\AlexandreApps.Condominial.Backend.Exceptions.csproj", "{4C877C23-5FEA-4013-B2C8-B6AC266BD49B}"
EndProject
Project("{9A19103F-16F7-4668-BE54-9A1E7A4F7556}") = "AlexandreApps.Condominial.Backend.Interfaces", "Infra\AlexandreApps.Condominial.Backend.Interfaces\AlexandreApps.Condominial.Backend.Interfaces.csproj", "{2E38DB26-12CC-4837-B240-AD0B323EA857}"
EndProject
Project("{FAE04EC0-301F-11D3-BF4B-00C04F79EFBC}") = "AlexandreApps.Condominial.Backend.Webtokens", "Infra\AlexandreApps.Condominial.Backend.Webtokens\AlexandreApps.Condominial.Backend.Webtokens.csproj", "{401366F3-E037-4986-80C0-9F90C476E6F2}"
EndProject
Project("{FAE04EC0-301F-11D3-BF4B-00C04F79EFBC}") = "AlexandreApps.Condominial.BE.Webtokens.tests", "Infra\AlexandreApps.Condominial.BE.Webtokens.tests\AlexandreApps.Condominial.BE.Webtokens.tests.csproj", "{35C4D25D-77FA-4287-B0D0-252FE6A2A895}"
EndProject
Global
	GlobalSection(SolutionConfigurationPlatforms) = preSolution
		Debug|Any CPU = Debug|Any CPU
		Release|Any CPU = Release|Any CPU
	EndGlobalSection
	GlobalSection(ProjectConfigurationPlatforms) = postSolution
		{FDC6B5F3-3DEA-450A-973C-0643CB7EB776}.Debug|Any CPU.ActiveCfg = Debug|Any CPU
		{FDC6B5F3-3DEA-450A-973C-0643CB7EB776}.Debug|Any CPU.Build.0 = Debug|Any CPU
		{FDC6B5F3-3DEA-450A-973C-0643CB7EB776}.Release|Any CPU.ActiveCfg = Release|Any CPU
		{FDC6B5F3-3DEA-450A-973C-0643CB7EB776}.Release|Any CPU.Build.0 = Release|Any CPU
		{601F81A2-1DA0-411E-8895-1A487951791A}.Debug|Any CPU.ActiveCfg = Debug|Any CPU
		{601F81A2-1DA0-411E-8895-1A487951791A}.Debug|Any CPU.Build.0 = Debug|Any CPU
		{601F81A2-1DA0-411E-8895-1A487951791A}.Release|Any CPU.ActiveCfg = Release|Any CPU
		{601F81A2-1DA0-411E-8895-1A487951791A}.Release|Any CPU.Build.0 = Release|Any CPU
		{56AE7626-47DE-49F1-B312-F0045396FF3E}.Debug|Any CPU.ActiveCfg = Debug|Any CPU
		{56AE7626-47DE-49F1-B312-F0045396FF3E}.Debug|Any CPU.Build.0 = Debug|Any CPU
		{56AE7626-47DE-49F1-B312-F0045396FF3E}.Release|Any CPU.ActiveCfg = Release|Any CPU
		{56AE7626-47DE-49F1-B312-F0045396FF3E}.Release|Any CPU.Build.0 = Release|Any CPU
		{A5F4C8AE-DD46-4F64-973B-9384D5B483B1}.Debug|Any CPU.ActiveCfg = Debug|Any CPU
		{A5F4C8AE-DD46-4F64-973B-9384D5B483B1}.Debug|Any CPU.Build.0 = Debug|Any CPU
		{A5F4C8AE-DD46-4F64-973B-9384D5B483B1}.Release|Any CPU.ActiveCfg = Release|Any CPU
		{A5F4C8AE-DD46-4F64-973B-9384D5B483B1}.Release|Any CPU.Build.0 = Release|Any CPU
		{F6DF533B-FEF8-494C-8642-C267D3D060B5}.Debug|Any CPU.ActiveCfg = Debug|Any CPU
		{F6DF533B-FEF8-494C-8642-C267D3D060B5}.Debug|Any CPU.Build.0 = Debug|Any CPU
		{F6DF533B-FEF8-494C-8642-C267D3D060B5}.Release|Any CPU.ActiveCfg = Release|Any CPU
		{F6DF533B-FEF8-494C-8642-C267D3D060B5}.Release|Any CPU.Build.0 = Release|Any CPU
		{4C877C23-5FEA-4013-B2C8-B6AC266BD49B}.Debug|Any CPU.ActiveCfg = Debug|Any CPU
		{4C877C23-5FEA-4013-B2C8-B6AC266BD49B}.Debug|Any CPU.Build.0 = Debug|Any CPU
		{4C877C23-5FEA-4013-B2C8-B6AC266BD49B}.Release|Any CPU.ActiveCfg = Release|Any CPU
		{4C877C23-5FEA-4013-B2C8-B6AC266BD49B}.Release|Any CPU.Build.0 = Release|Any CPU
		{2E38DB26-12CC-4837-B240-AD0B323EA857}.Debug|Any CPU.ActiveCfg = Debug|Any CPU
		{2E38DB26-12CC-4837-B240-AD0B323EA857}.Debug|Any CPU.Build.0 = Debug|Any CPU
		{2E38DB26-12CC-4837-B240-AD0B323EA857}.Release|Any CPU.ActiveCfg = Release|Any CPU
		{2E38DB26-12CC-4837-B240-AD0B323EA857}.Release|Any CPU.Build.0 = Release|Any CPU
		{401366F3-E037-4986-80C0-9F90C476E6F2}.Debug|Any CPU.ActiveCfg = Debug|Any CPU
		{401366F3-E037-4986-80C0-9F90C476E6F2}.Debug|Any CPU.Build.0 = Debug|Any CPU
		{401366F3-E037-4986-80C0-9F90C476E6F2}.Release|Any CPU.ActiveCfg = Release|Any CPU
		{401366F3-E037-4986-80C0-9F90C476E6F2}.Release|Any CPU.Build.0 = Release|Any CPU
		{35C4D25D-77FA-4287-B0D0-252FE6A2A895}.Debug|Any CPU.ActiveCfg = Debug|Any CPU
		{35C4D25D-77FA-4287-B0D0-252FE6A2A895}.Debug|Any CPU.Build.0 = Debug|Any CPU
		{35C4D25D-77FA-4287-B0D0-252FE6A2A895}.Release|Any CPU.ActiveCfg = Release|Any CPU
		{35C4D25D-77FA-4287-B0D0-252FE6A2A895}.Release|Any CPU.Build.0 = Release|Any CPU
	EndGlobalSection
	GlobalSection(SolutionProperties) = preSolution
		HideSolutionNode = FALSE
	EndGlobalSection
	GlobalSection(NestedProjects) = preSolution
		{FDC6B5F3-3DEA-450A-973C-0643CB7EB776} = {2CA308F1-5F38-497C-9C08-4473C2933DC5}
		{601F81A2-1DA0-411E-8895-1A487951791A} = {9E110EDF-3F27-42B8-B439-77D5CDD1E6C4}
		{56AE7626-47DE-49F1-B312-F0045396FF3E} = {E9436E91-1DFA-4C3F-8A57-7C03ABC44AC6}
		{A5F4C8AE-DD46-4F64-973B-9384D5B483B1} = {0A852FEE-0AD7-4E75-8A14-C22A9D47C317}
		{F6DF533B-FEF8-494C-8642-C267D3D060B5} = {2CA308F1-5F38-497C-9C08-4473C2933DC5}
		{4C877C23-5FEA-4013-B2C8-B6AC266BD49B} = {5F473268-FA4F-4550-81B7-92B5C71C94B0}
		{2E38DB26-12CC-4837-B240-AD0B323EA857} = {5F473268-FA4F-4550-81B7-92B5C71C94B0}
		{401366F3-E037-4986-80C0-9F90C476E6F2} = {5F473268-FA4F-4550-81B7-92B5C71C94B0}
		{35C4D25D-77FA-4287-B0D0-252FE6A2A895} = {5F473268-FA4F-4550-81B7-92B5C71C94B0}
	EndGlobalSection
	GlobalSection(ExtensibilityGlobals) = postSolution
		SolutionGuid = {C2B53A69-ED71-4D72-A592-A78DEEE9ADBC}
	EndGlobalSection
EndGlobal
