
Microsoft Visual Studio Solution File, Format Version 12.00
# Visual Studio 15
VisualStudioVersion = 15.0.27703.2000
MinimumVisualStudioVersion = 10.0.40219.1
Project("{2150E333-8FDC-42A3-9474-1A3956D46DE8}") = "Presentation", "Presentation", "{2CA308F1-5F38-497C-9C08-4473C2933DC5}"
EndProject
Project("{FAE04EC0-301F-11D3-BF4B-00C04F79EFBC}") = "AlexandreApps.Condominial.Backend.UI", "Presentation\AlexandreApps.Condominial.Backend.UI\AlexandreApps.Condominial.Backend.UI.csproj", "{FDC6B5F3-3DEA-450A-973C-0643CB7EB776}"
EndProject
Project("{E53339B2-1760-4266-BCC7-CA923CBCF16C}") = "docker-compose", "docker-compose.dcproj", "{463D9526-4184-49CE-9307-76C87B95B083}"
EndProject
Global
	GlobalSection(SolutionConfigurationPlatforms) = preSolution
		Debug|Any CPU = Debug|Any CPU
		Release|Any CPU = Release|Any CPU
	EndGlobalSection
	GlobalSection(ProjectConfigurationPlatforms) = postSolution
		{FDC6B5F3-3DEA-450A-973C-0643CB7EB776}.Debug|Any CPU.ActiveCfg = Debug|Any CPU
		{FDC6B5F3-3DEA-450A-973C-0643CB7EB776}.Debug|Any CPU.Build.0 = Debug|Any CPU
		{FDC6B5F3-3DEA-450A-973C-0643CB7EB776}.Release|Any CPU.ActiveCfg = Release|Any CPU
		{FDC6B5F3-3DEA-450A-973C-0643CB7EB776}.Release|Any CPU.Build.0 = Release|Any CPU
		{463D9526-4184-49CE-9307-76C87B95B083}.Debug|Any CPU.ActiveCfg = Debug|Any CPU
		{463D9526-4184-49CE-9307-76C87B95B083}.Debug|Any CPU.Build.0 = Debug|Any CPU
		{463D9526-4184-49CE-9307-76C87B95B083}.Release|Any CPU.ActiveCfg = Release|Any CPU
		{463D9526-4184-49CE-9307-76C87B95B083}.Release|Any CPU.Build.0 = Release|Any CPU
	EndGlobalSection
	GlobalSection(SolutionProperties) = preSolution
		HideSolutionNode = FALSE
	EndGlobalSection
	GlobalSection(NestedProjects) = preSolution
		{FDC6B5F3-3DEA-450A-973C-0643CB7EB776} = {2CA308F1-5F38-497C-9C08-4473C2933DC5}
	EndGlobalSection
	GlobalSection(ExtensibilityGlobals) = postSolution
		SolutionGuid = {C2B53A69-ED71-4D72-A592-A78DEEE9ADBC}
	EndGlobalSection
EndGlobal
